
Microsoft Visual Studio Solution File, Format Version 12.00
# Visual Studio Version 17
VisualStudioVersion = 17.11.35312.102
MinimumVisualStudioVersion = 10.0.40219.1
Project("{8BC9CEB8-8B4A-11D0-8D11-00A0C91BC942}") = "user-mode", "user-mode\user-mode.vcxproj", "{125A201C-A771-4949-8DBF-E72609BD690B}"
EndProject
Project("{8BC9CEB8-8B4A-11D0-8D11-00A0C91BC942}") = "driver", "driver\driver.vcxproj", "{C4EC8BC3-67A9-4ECB-8BDF-56E2BC1EA494}"
EndProject
Global
	GlobalSection(SolutionConfigurationPlatforms) = preSolution
		Debug|ARM64 = Debug|ARM64
		Debug|x64 = Debug|x64
		Debug|x86 = Debug|x86
		Release|ARM64 = Release|ARM64
		Release|x64 = Release|x64
		Release|x86 = Release|x86
	EndGlobalSection
	GlobalSection(ProjectConfigurationPlatforms) = postSolution
		{125A201C-A771-4949-8DBF-E72609BD690B}.Debug|ARM64.ActiveCfg = Debug|x64
		{125A201C-A771-4949-8DBF-E72609BD690B}.Debug|ARM64.Build.0 = Debug|x64
		{125A201C-A771-4949-8DBF-E72609BD690B}.Debug|x64.ActiveCfg = Debug|x64
		{125A201C-A771-4949-8DBF-E72609BD690B}.Debug|x64.Build.0 = Debug|x64
		{125A201C-A771-4949-8DBF-E72609BD690B}.Debug|x86.ActiveCfg = Debug|Win32
		{125A201C-A771-4949-8DBF-E72609BD690B}.Debug|x86.Build.0 = Debug|Win32
		{125A201C-A771-4949-8DBF-E72609BD690B}.Release|ARM64.ActiveCfg = Release|x64
		{125A201C-A771-4949-8DBF-E72609BD690B}.Release|ARM64.Build.0 = Release|x64
		{125A201C-A771-4949-8DBF-E72609BD690B}.Release|x64.ActiveCfg = Release|x64
		{125A201C-A771-4949-8DBF-E72609BD690B}.Release|x64.Build.0 = Release|x64
		{125A201C-A771-4949-8DBF-E72609BD690B}.Release|x86.ActiveCfg = Release|Win32
		{125A201C-A771-4949-8DBF-E72609BD690B}.Release|x86.Build.0 = Release|Win32
		{C4EC8BC3-67A9-4ECB-8BDF-56E2BC1EA494}.Debug|ARM64.ActiveCfg = Debug|ARM64
		{C4EC8BC3-67A9-4ECB-8BDF-56E2BC1EA494}.Debug|ARM64.Build.0 = Debug|ARM64
		{C4EC8BC3-67A9-4ECB-8BDF-56E2BC1EA494}.Debug|ARM64.Deploy.0 = Debug|ARM64
		{C4EC8BC3-67A9-4ECB-8BDF-56E2BC1EA494}.Debug|x64.ActiveCfg = Debug|x64
		{C4EC8BC3-67A9-4ECB-8BDF-56E2BC1EA494}.Debug|x64.Build.0 = Debug|x64
		{C4EC8BC3-67A9-4ECB-8BDF-56E2BC1EA494}.Debug|x64.Deploy.0 = Debug|x64
		{C4EC8BC3-67A9-4ECB-8BDF-56E2BC1EA494}.Debug|x86.ActiveCfg = Debug|x64
		{C4EC8BC3-67A9-4ECB-8BDF-56E2BC1EA494}.Debug|x86.Build.0 = Debug|x64
		{C4EC8BC3-67A9-4ECB-8BDF-56E2BC1EA494}.Debug|x86.Deploy.0 = Debug|x64
		{C4EC8BC3-67A9-4ECB-8BDF-56E2BC1EA494}.Release|ARM64.ActiveCfg = Release|ARM64
		{C4EC8BC3-67A9-4ECB-8BDF-56E2BC1EA494}.Release|ARM64.Build.0 = Release|ARM64
		{C4EC8BC3-67A9-4ECB-8BDF-56E2BC1EA494}.Release|ARM64.Deploy.0 = Release|ARM64
		{C4EC8BC3-67A9-4ECB-8BDF-56E2BC1EA494}.Release|x64.ActiveCfg = Release|x64
		{C4EC8BC3-67A9-4ECB-8BDF-56E2BC1EA494}.Release|x64.Build.0 = Release|x64
		{C4EC8BC3-67A9-4ECB-8BDF-56E2BC1EA494}.Release|x64.Deploy.0 = Release|x64
		{C4EC8BC3-67A9-4ECB-8BDF-56E2BC1EA494}.Release|x86.ActiveCfg = Release|x64
		{C4EC8BC3-67A9-4ECB-8BDF-56E2BC1EA494}.Release|x86.Build.0 = Release|x64
		{C4EC8BC3-67A9-4ECB-8BDF-56E2BC1EA494}.Release|x86.Deploy.0 = Release|x64
	EndGlobalSection
	GlobalSection(SolutionProperties) = preSolution
		HideSolutionNode = FALSE
	EndGlobalSection
	GlobalSection(ExtensibilityGlobals) = postSolution
		SolutionGuid = {EAB35F34-EA45-477D-BBA8-2DFA9642EC08}
	EndGlobalSection
EndGlobal
