<?xml version="1.0" encoding="utf-8"?>
<Project ToolsVersion="4.0" xmlns="http://schemas.microsoft.com/developer/msbuild/2003">
  <ItemGroup>
    <Filter Include="src">
      <UniqueIdentifier>{9c5d8e67-9487-47d3-b2f5-0be9baebe131}</UniqueIdentifier>
    </Filter>
    <Filter Include="memory">
      <UniqueIdentifier>{93ed75d8-7ead-496b-bae5-4ef4d7e0272f}</UniqueIdentifier>
    </Filter>
    <Filter Include="overlay">
      <UniqueIdentifier>{e8f83f71-cf75-4a61-8f8e-3fb4da7a66ae}</UniqueIdentifier>
    </Filter>
    <Filter Include="include">
      <UniqueIdentifier>{ebffb4ff-7ec3-4d7e-af78-695a20c81867}</UniqueIdentifier>
    </Filter>
    <Filter Include="cheat">
      <UniqueIdentifier>{774eb3c3-9a5e-4105-b9f5-79289c08f1d2}</UniqueIdentifier>
    </Filter>
    <Filter Include="math">
      <UniqueIdentifier>{497d6a79-26e9-4661-bce6-24a7e93a3792}</UniqueIdentifier>
    </Filter>
  </ItemGroup>
  <ItemGroup>
    <ClCompile Include="main.cpp">
      <Filter>src</Filter>
    </ClCompile>
    <ClCompile Include="overlay\gui.cpp">
      <Filter>overlay</Filter>
    </ClCompile>
    <ClCompile Include="overlay\overlay.cpp">
      <Filter>overlay</Filter>
    </ClCompile>
    <ClCompile Include="include\imgui.cpp">
      <Filter>include</Filter>
    </ClCompile>
    <ClCompile Include="include\imgui_demo.cpp">
      <Filter>include</Filter>
    </ClCompile>
    <ClCompile Include="include\imgui_draw.cpp">
      <Filter>include</Filter>
    </ClCompile>
    <ClCompile Include="include\imgui_impl_dx11.cpp">
      <Filter>include</Filter>
    </ClCompile>
    <ClCompile Include="include\imgui_impl_win32.cpp">
      <Filter>include</Filter>
    </ClCompile>
    <ClCompile Include="include\imgui_tables.cpp">
      <Filter>include</Filter>
    </ClCompile>
    <ClCompile Include="include\imgui_widgets.cpp">
      <Filter>include</Filter>
    </ClCompile>
    <ClCompile Include="cheat.cpp">
      <Filter>cheat</Filter>
    </ClCompile>
  </ItemGroup>
  <ItemGroup>
    <ClInclude Include="driver.h">
      <Filter>memory</Filter>
    </ClInclude>
    <ClInclude Include="offsets.h">
      <Filter>memory</Filter>
    </ClInclude>
    <ClInclude Include="overlay\overlay.h">
      <Filter>overlay</Filter>
    </ClInclude>
    <ClInclude Include="include\imconfig.h">
      <Filter>include</Filter>
    </ClInclude>
    <ClInclude Include="include\imgui.h">
      <Filter>include</Filter>
    </ClInclude>
    <ClInclude Include="include\imgui_impl_dx11.h">
      <Filter>include</Filter>
    </ClInclude>
    <ClInclude Include="include\imgui_impl_win32.h">
      <Filter>include</Filter>
    </ClInclude>
    <ClInclude Include="include\imgui_internal.h">
      <Filter>include</Filter>
    </ClInclude>
    <ClInclude Include="include\imstb_rectpack.h">
      <Filter>include</Filter>
    </ClInclude>
    <ClInclude Include="include\imstb_textedit.h">
      <Filter>include</Filter>
    </ClInclude>
    <ClInclude Include="include\imstb_truetype.h">
      <Filter>include</Filter>
    </ClInclude>
    <ClInclude Include="memory.h">
      <Filter>memory</Filter>
    </ClInclude>
    <ClInclude Include="cheat.h">
      <Filter>cheat</Filter>
    </ClInclude>
    <ClInclude Include="math.h">
      <Filter>math</Filter>
    </ClInclude>
    <ClInclude Include="entity.h">
      <Filter>cheat</Filter>
    </ClInclude>
    <ClInclude Include="settings.h">
      <Filter>cheat</Filter>
    </ClInclude>
    <ClInclude Include="bone_manager.h">
      <Filter>cheat</Filter>
    </ClInclude>
  </ItemGroup>
</Project>